PODS:
  - FBGlowLabel (0.0.1)
  - FlatUIKit (1.6.2)
  - JJMaterialTextField (0.1.3)
  - KinveyKit (1.40.5)
  - OpinionzAlertView (0.3.1)

DEPENDENCIES:
  - FBGlowLabel (from `https://github.com/lyokato/FBGlowLabel.git`)
  - FlatUIKit
  - JJMaterialTextField
  - KinveyKit
  - OpinionzAlertView

EXTERNAL SOURCES:
  FBGlowLabel:
    :git: https://github.com/lyokato/FBGlowLabel.git

CHECKOUT OPTIONS:
  FBGlowLabel:
    :commit: b32e566de10ba470566f1c4b02ca4140b94164e5
    :git: https://github.com/lyokato/FBGlowLabel.git

SPEC CHECKSUMS:
  FBGlowLabel: 35276711c4051f4a08b2d8de4e2f770fc0faf24d
  FlatUIKit: 1b41f0d4952ce8d970d8479ce79df54a960242c4
  JJMaterialTextField: 1ae240b5d75966dd0c2acc9f59d1be6f4e83e0e5
  KinveyKit: 4ce5923b143e9557bdeb1f91efeb6292dfa8f413
  OpinionzAlertView: 213cf7fa544091962ebd9526ff2e7e120b13c149

COCOAPODS: 0.39.0
